
Microsoft Visual Studio Solution File, Format Version 12.00
# Visual Studio Version 16
VisualStudioVersion = 16.0.29025.244
MinimumVisualStudioVersion = 10.0.40219.1
Project("{9A19103F-16F7-4668-BE54-9A1E7A4F7556}") = "ConsoleApp_AOP", "ConsoleApp_AOP\ConsoleApp_AOP.csproj", "{E162C28F-220F-4FBB-A2C3-B836E4F9E8A6}"
EndProject
Project("{FAE04EC0-301F-11D3-BF4B-00C04F79EFBC}") = "ConsoleApp_Autofac", "ConsoleApp_Autofac\ConsoleApp_Autofac.csproj", "{3EC71C15-E216-41D1-BAED-D84B11849718}"
EndProject
Project("{FAE04EC0-301F-11D3-BF4B-00C04F79EFBC}") = "ConsoleApp_Autofac_Singleton", "ConsoleApp_Autofac_Singleton\ConsoleApp_Autofac_Singleton.csproj", "{9F78D529-7032-48B7-87CD-5C554F9C4611}"
EndProject
Global
	GlobalSection(SolutionConfigurationPlatforms) = preSolution
		Debug|Any CPU = Debug|Any CPU
		Release|Any CPU = Release|Any CPU
	EndGlobalSection
	GlobalSection(ProjectConfigurationPlatforms) = postSolution
		{E162C28F-220F-4FBB-A2C3-B836E4F9E8A6}.Debug|Any CPU.ActiveCfg = Debug|Any CPU
		{E162C28F-220F-4FBB-A2C3-B836E4F9E8A6}.Debug|Any CPU.Build.0 = Debug|Any CPU
		{E162C28F-220F-4FBB-A2C3-B836E4F9E8A6}.Release|Any CPU.ActiveCfg = Release|Any CPU
		{E162C28F-220F-4FBB-A2C3-B836E4F9E8A6}.Release|Any CPU.Build.0 = Release|Any CPU
		{3EC71C15-E216-41D1-BAED-D84B11849718}.Debug|Any CPU.ActiveCfg = Debug|Any CPU
		{3EC71C15-E216-41D1-BAED-D84B11849718}.Debug|Any CPU.Build.0 = Debug|Any CPU
		{3EC71C15-E216-41D1-BAED-D84B11849718}.Release|Any CPU.ActiveCfg = Release|Any CPU
		{3EC71C15-E216-41D1-BAED-D84B11849718}.Release|Any CPU.Build.0 = Release|Any CPU
		{9F78D529-7032-48B7-87CD-5C554F9C4611}.Debug|Any CPU.ActiveCfg = Debug|Any CPU
		{9F78D529-7032-48B7-87CD-5C554F9C4611}.Debug|Any CPU.Build.0 = Debug|Any CPU
		{9F78D529-7032-48B7-87CD-5C554F9C4611}.Release|Any CPU.ActiveCfg = Release|Any CPU
		{9F78D529-7032-48B7-87CD-5C554F9C4611}.Release|Any CPU.Build.0 = Release|Any CPU
	EndGlobalSection
	GlobalSection(SolutionProperties) = preSolution
		HideSolutionNode = FALSE
	EndGlobalSection
	GlobalSection(ExtensibilityGlobals) = postSolution
		SolutionGuid = {542BD8BB-7793-43E0-8D20-17CD5F08B042}
	EndGlobalSection
EndGlobal
