
Microsoft Visual Studio Solution File, Format Version 12.00
# Visual Studio Version 16
VisualStudioVersion = 16.0.29025.244
MinimumVisualStudioVersion = 10.0.40219.1
Project("{FAE04EC0-301F-11D3-BF4B-00C04F79EFBC}") = "ConsoleApp_AOP", "ConsoleApp_AOP.csproj", "{A991990D-1A76-4FF7-B945-0337238E2C32}"
EndProject
Global
	GlobalSection(SolutionConfigurationPlatforms) = preSolution
		Debug|Any CPU = Debug|Any CPU
		Release|Any CPU = Release|Any CPU
	EndGlobalSection
	GlobalSection(ProjectConfigurationPlatforms) = postSolution
		{A991990D-1A76-4FF7-B945-0337238E2C32}.Debug|Any CPU.ActiveCfg = Debug|Any CPU
		{A991990D-1A76-4FF7-B945-0337238E2C32}.Debug|Any CPU.Build.0 = Debug|Any CPU
		{A991990D-1A76-4FF7-B945-0337238E2C32}.Release|Any CPU.ActiveCfg = Release|Any CPU
		{A991990D-1A76-4FF7-B945-0337238E2C32}.Release|Any CPU.Build.0 = Release|Any CPU
	EndGlobalSection
	GlobalSection(SolutionProperties) = preSolution
		HideSolutionNode = FALSE
	EndGlobalSection
	GlobalSection(ExtensibilityGlobals) = postSolution
		SolutionGuid = {542BD8BB-7793-43E0-8D20-17CD5F08B042}
	EndGlobalSection
EndGlobal
